
Microsoft Visual Studio Solution File, Format Version 12.00
# Visual Studio Version 17
VisualStudioVersion = 17.14.36717.8 d17.14
MinimumVisualStudioVersion = 10.0.40219.1
Project("{FAE04EC0-301F-11D3-BF4B-00C04F79EFBC}") = "DepozytOpon", "DepozytOpon.csproj", "{0B284B12-E55F-4A1C-9911-FFDD61BA2506}"
EndProject
Global
	GlobalSection(SolutionConfigurationPlatforms) = preSolution
		Debug|Any CPU = Debug|Any CPU
		Release|Any CPU = Release|Any CPU
	EndGlobalSection
	GlobalSection(ProjectConfigurationPlatforms) = postSolution
		{0B284B12-E55F-4A1C-9911-FFDD61BA2506}.Debug|Any CPU.ActiveCfg = Debug|Any CPU
		{0B284B12-E55F-4A1C-9911-FFDD61BA2506}.Debug|Any CPU.Build.0 = Debug|Any CPU
		{0B284B12-E55F-4A1C-9911-FFDD61BA2506}.Release|Any CPU.ActiveCfg = Release|Any CPU
		{0B284B12-E55F-4A1C-9911-FFDD61BA2506}.Release|Any CPU.Build.0 = Release|Any CPU
	EndGlobalSection
	GlobalSection(SolutionProperties) = preSolution
		HideSolutionNode = FALSE
	EndGlobalSection
	GlobalSection(ExtensibilityGlobals) = postSolution
		SolutionGuid = {0D6AC1EC-8AB6-4D73-A102-7784DBF38D39}
	EndGlobalSection
EndGlobal
